
Microsoft Visual Studio Solution File, Format Version 12.00
# Visual Studio 15
VisualStudioVersion = 15.0.26730.16
MinimumVisualStudioVersion = 10.0.40219.1
Project("{FAE04EC0-301F-11D3-BF4B-00C04F79EFBC}") = "DRAMA_Emulator_GUI", "DRAMA_Emulator_GUI\DRAMA_Emulator_GUI.csproj", "{C7F09D5D-03B5-413C-BD3E-AB8AED49F965}"
EndProject
Global
	GlobalSection(SolutionConfigurationPlatforms) = preSolution
		Debug|Any CPU = Debug|Any CPU
		Release|Any CPU = Release|Any CPU
	EndGlobalSection
	GlobalSection(ProjectConfigurationPlatforms) = postSolution
		{C7F09D5D-03B5-413C-BD3E-AB8AED49F965}.Debug|Any CPU.ActiveCfg = Debug|Any CPU
		{C7F09D5D-03B5-413C-BD3E-AB8AED49F965}.Debug|Any CPU.Build.0 = Debug|Any CPU
		{C7F09D5D-03B5-413C-BD3E-AB8AED49F965}.Release|Any CPU.ActiveCfg = Release|Any CPU
		{C7F09D5D-03B5-413C-BD3E-AB8AED49F965}.Release|Any CPU.Build.0 = Release|Any CPU
	EndGlobalSection
	GlobalSection(SolutionProperties) = preSolution
		HideSolutionNode = FALSE
	EndGlobalSection
	GlobalSection(ExtensibilityGlobals) = postSolution
		SolutionGuid = {DAC29D88-23C2-47A5-A2C8-8B627508D863}
	EndGlobalSection
EndGlobal
